PODS:
  - KRActivityIndicatorView (3.0.7)
  - KRProgressHUD (3.4.7):
    - KRActivityIndicatorView (= 3.0.7)
  - Realm (10.40.0):
    - Realm/Headers (= 10.40.0)
  - Realm/Headers (10.40.0)
  - RealmSwift (10.40.0):
    - Realm (= 10.40.0)
  - RxCocoa (6.6.0):
    - RxRelay (= 6.6.0)
    - RxSwift (= 6.6.0)
  - RxRelay (6.6.0):
    - RxSwift (= 6.6.0)
  - RxSwift (6.6.0)

DEPENDENCIES:
  - KRProgressHUD
  - RealmSwift
  - RxCocoa
  - RxSwift

SPEC REPOS:
  trunk:
    - KRActivityIndicatorView
    - KRProgressHUD
    - Realm
    - RealmSwift
    - RxCocoa
    - RxRelay
    - RxSwift

SPEC CHECKSUMS:
  KRActivityIndicatorView: ad69e89c4ce40c986cf580595be4829dcad0e35a
  KRProgressHUD: a248f0bc6c9c2aed40a37b76e03ffecc7f85c887
  Realm: 67e2bc963e693a787961bd81d0594f2410615d9e
  RealmSwift: 39622fdcd18d54e0ba49a7d31e9662404595e998
  RxCocoa: 44a80de90e25b739b5aeaae3c8c371a32e3343cc
  RxRelay: 45eaa5db8ee4fb50e5ebd57deec0159e97fa51e6
  RxSwift: a4b44f7d24599f674deebd1818eab82e58410632

PODFILE CHECKSUM: 33a2f90558c243dcd3fffc359eda7c1efe19f6da

COCOAPODS: 1.14.2
