// !$*UTF8*$!
{
	archiveVersion = 1;
	classes = {
	};
	objectVersion = 56;
	objects = {

/* Begin PBXBuildFile section */
		2FAC9E2627A4D547090CDCD2 /* Pods_Todo_MVVM_2.framework in Frameworks */ = {isa = PBXBuildFile; fileRef = C89C8F5A8345B0BCC1EB6ABE /* Pods_Todo_MVVM_2.framework */; };
		945FE81C2B1723EE00F7A60F /* DetailModel.swift in Sources */ = {isa = PBXBuildFile; fileRef = 945FE81B2B1723EE00F7A60F /* DetailModel.swift */; };
		945FE81E2B1723FF00F7A60F /* DetailViewModel.swift in Sources */ = {isa = PBXBuildFile; fileRef = 945FE81D2B1723FF00F7A60F /* DetailViewModel.swift */; };
		9496CCC82B0F414800CA2B32 /* StoryBoard+.swift in Sources */ = {isa = PBXBuildFile; fileRef = 9496CCC72B0F414800CA2B32 /* StoryBoard+.swift */; };
		9496CCCA2B0F420C00CA2B32 /* Router.swift in Sources */ = {isa = PBXBuildFile; fileRef = 9496CCC92B0F420C00CA2B32 /* Router.swift */; };
		94A060EB2B0F351000C8AF60 /* AppDelegate.swift in Sources */ = {isa = PBXBuildFile; fileRef = 94A060EA2B0F351000C8AF60 /* AppDelegate.swift */; };
		94A060ED2B0F351000C8AF60 /* SceneDelegate.swift in Sources */ = {isa = PBXBuildFile; fileRef = 94A060EC2B0F351000C8AF60 /* SceneDelegate.swift */; };
		94A060F22B0F351000C8AF60 /* Main.storyboard in Resources */ = {isa = PBXBuildFile; fileRef = 94A060F02B0F351000C8AF60 /* Main.storyboard */; };
		94A060F42B0F351100C8AF60 /* Assets.xcassets in Resources */ = {isa = PBXBuildFile; fileRef = 94A060F32B0F351100C8AF60 /* Assets.xcassets */; };
		94A060F72B0F351100C8AF60 /* LaunchScreen.storyboard in Resources */ = {isa = PBXBuildFile; fileRef = 94A060F52B0F351100C8AF60 /* LaunchScreen.storyboard */; };
		94A060FF2B0F374600C8AF60 /* Task.swift in Sources */ = {isa = PBXBuildFile; fileRef = 94A060FE2B0F374600C8AF60 /* Task.swift */; };
		94A061022B0F377C00C8AF60 /* Create.storyboard in Resources */ = {isa = PBXBuildFile; fileRef = 94A061012B0F377C00C8AF60 /* Create.storyboard */; };
		94A061042B0F37A100C8AF60 /* CreateViewController.swift in Sources */ = {isa = PBXBuildFile; fileRef = 94A061032B0F37A100C8AF60 /* CreateViewController.swift */; };
		94A061062B0F37C200C8AF60 /* CreateViewModel.swift in Sources */ = {isa = PBXBuildFile; fileRef = 94A061052B0F37C200C8AF60 /* CreateViewModel.swift */; };
		94A061082B0F37E000C8AF60 /* CreateModel.swift in Sources */ = {isa = PBXBuildFile; fileRef = 94A061072B0F37E000C8AF60 /* CreateModel.swift */; };
		94A0610B2B0F381300C8AF60 /* DetailViewController.swift in Sources */ = {isa = PBXBuildFile; fileRef = 94A0610A2B0F381300C8AF60 /* DetailViewController.swift */; };
		94A0610D2B0F382900C8AF60 /* Detail.storyboard in Resources */ = {isa = PBXBuildFile; fileRef = 94A0610C2B0F382900C8AF60 /* Detail.storyboard */; };
		94A061102B0F38AE00C8AF60 /* MainModel.swift in Sources */ = {isa = PBXBuildFile; fileRef = 94A0610F2B0F38AE00C8AF60 /* MainModel.swift */; };
		94A061122B0F38C100C8AF60 /* MainViewController.swift in Sources */ = {isa = PBXBuildFile; fileRef = 94A061112B0F38C100C8AF60 /* MainViewController.swift */; };
		94A061142B0F38D700C8AF60 /* MainViewModel.swift in Sources */ = {isa = PBXBuildFile; fileRef = 94A061132B0F38D700C8AF60 /* MainViewModel.swift */; };
/* End PBXBuildFile section */

/* Begin PBXFileReference section */
		53A164A37F6FFF9A244E20FB /* Pods-Todo_MVVM_2.debug.xcconfig */ = {isa = PBXFileReference; includeInIndex = 1; lastKnownFileType = text.xcconfig; name = "Pods-Todo_MVVM_2.debug.xcconfig"; path = "Target Support Files/Pods-Todo_MVVM_2/Pods-Todo_MVVM_2.debug.xcconfig"; sourceTree = "<group>"; };
		945FE81B2B1723EE00F7A60F /* DetailModel.swift */ = {isa = PBXFileReference; lastKnownFileType = sourcecode.swift; path = DetailModel.swift; sourceTree = "<group>"; };
		945FE81D2B1723FF00F7A60F /* DetailViewModel.swift */ = {isa = PBXFileReference; lastKnownFileType = sourcecode.swift; path = DetailViewModel.swift; sourceTree = "<group>"; };
		9496CCC72B0F414800CA2B32 /* StoryBoard+.swift */ = {isa = PBXFileReference; lastKnownFileType = sourcecode.swift; path = "StoryBoard+.swift"; sourceTree = "<group>"; };
		9496CCC92B0F420C00CA2B32 /* Router.swift */ = {isa = PBXFileReference; lastKnownFileType = sourcecode.swift; path = Router.swift; sourceTree = "<group>"; };
		94A060E72B0F351000C8AF60 /* Todo_MVVM_2.app */ = {isa = PBXFileReference; explicitFileType = wrapper.application; includeInIndex = 0; path = Todo_MVVM_2.app; sourceTree = BUILT_PRODUCTS_DIR; };
		94A060EA2B0F351000C8AF60 /* AppDelegate.swift */ = {isa = PBXFileReference; lastKnownFileType = sourcecode.swift; path = AppDelegate.swift; sourceTree = "<group>"; };
		94A060EC2B0F351000C8AF60 /* SceneDelegate.swift */ = {isa = PBXFileReference; lastKnownFileType = sourcecode.swift; path = SceneDelegate.swift; sourceTree = "<group>"; };
		94A060F12B0F351000C8AF60 /* Base */ = {isa = PBXFileReference; lastKnownFileType = file.storyboard; name = Base; path = Base.lproj/Main.storyboard; sourceTree = "<group>"; };
		94A060F32B0F351100C8AF60 /* Assets.xcassets */ = {isa = PBXFileReference; lastKnownFileType = folder.assetcatalog; path = Assets.xcassets; sourceTree = "<group>"; };
		94A060F62B0F351100C8AF60 /* Base */ = {isa = PBXFileReference; lastKnownFileType = file.storyboard; name = Base; path = Base.lproj/LaunchScreen.storyboard; sourceTree = "<group>"; };
		94A060F82B0F351100C8AF60 /* Info.plist */ = {isa = PBXFileReference; lastKnownFileType = text.plist.xml; path = Info.plist; sourceTree = "<group>"; };
		94A060FE2B0F374600C8AF60 /* Task.swift */ = {isa = PBXFileReference; lastKnownFileType = sourcecode.swift; path = Task.swift; sourceTree = "<group>"; };
		94A061012B0F377C00C8AF60 /* Create.storyboard */ = {isa = PBXFileReference; lastKnownFileType = file.storyboard; path = Create.storyboard; sourceTree = "<group>"; };
		94A061032B0F37A100C8AF60 /* CreateViewController.swift */ = {isa = PBXFileReference; lastKnownFileType = sourcecode.swift; path = CreateViewController.swift; sourceTree = "<group>"; };
		94A061052B0F37C200C8AF60 /* CreateViewModel.swift */ = {isa = PBXFileReference; lastKnownFileType = sourcecode.swift; path = CreateViewModel.swift; sourceTree = "<group>"; };
		94A061072B0F37E000C8AF60 /* CreateModel.swift */ = {isa = PBXFileReference; lastKnownFileType = sourcecode.swift; path = CreateModel.swift; sourceTree = "<group>"; };
		94A0610A2B0F381300C8AF60 /* DetailViewController.swift */ = {isa = PBXFileReference; lastKnownFileType = sourcecode.swift; path = DetailViewController.swift; sourceTree = "<group>"; };
		94A0610C2B0F382900C8AF60 /* Detail.storyboard */ = {isa = PBXFileReference; lastKnownFileType = file.storyboard; path = Detail.storyboard; sourceTree = "<group>"; };
		94A0610F2B0F38AE00C8AF60 /* MainModel.swift */ = {isa = PBXFileReference; lastKnownFileType = sourcecode.swift; path = MainModel.swift; sourceTree = "<group>"; };
		94A061112B0F38C100C8AF60 /* MainViewController.swift */ = {isa = PBXFileReference; lastKnownFileType = sourcecode.swift; path = MainViewController.swift; sourceTree = "<group>"; };
		94A061132B0F38D700C8AF60 /* MainViewModel.swift */ = {isa = PBXFileReference; lastKnownFileType = sourcecode.swift; path = MainViewModel.swift; sourceTree = "<group>"; };
		A2B6C58DE6D1F4E25E6D33E5 /* Pods-Todo_MVVM_2.release.xcconfig */ = {isa = PBXFileReference; includeInIndex = 1; lastKnownFileType = text.xcconfig; name = "Pods-Todo_MVVM_2.release.xcconfig"; path = "Target Support Files/Pods-Todo_MVVM_2/Pods-Todo_MVVM_2.release.xcconfig"; sourceTree = "<group>"; };
		C89C8F5A8345B0BCC1EB6ABE /* Pods_Todo_MVVM_2.framework */ = {isa = PBXFileReference; explicitFileType = wrapper.framework; includeInIndex = 0; path = Pods_Todo_MVVM_2.framework; sourceTree = BUILT_PRODUCTS_DIR; };
/* End PBXFileReference section */

/* Begin PBXFrameworksBuildPhase section */
		94A060E42B0F351000C8AF60 /* Frameworks */ = {
			isa = PBXFrameworksBuildPhase;
			buildActionMask = 2147483647;
			files = (
				2FAC9E2627A4D547090CDCD2 /* Pods_Todo_MVVM_2.framework in Frameworks */,
			);
			runOnlyForDeploymentPostprocessing = 0;
		};
/* End PBXFrameworksBuildPhase section */

/* Begin PBXGroup section */
		9496CCC62B0F412800CA2B32 /* Extension */ = {
			isa = PBXGroup;
			children = (
				9496CCC72B0F414800CA2B32 /* StoryBoard+.swift */,
			);
			path = Extension;
			sourceTree = "<group>";
		};
		94A060DE2B0F351000C8AF60 = {
			isa = PBXGroup;
			children = (
				94A060E92B0F351000C8AF60 /* Todo_MVVM_2 */,
				94A060E82B0F351000C8AF60 /* Products */,
				DA144126433769FDEC79B392 /* Pods */,
				FA3C4F1D8294AD06D37C8692 /* Frameworks */,
			);
			sourceTree = "<group>";
		};
		94A060E82B0F351000C8AF60 /* Products */ = {
			isa = PBXGroup;
			children = (
				94A060E72B0F351000C8AF60 /* Todo_MVVM_2.app */,
			);
			name = Products;
			sourceTree = "<group>";
		};
		94A060E92B0F351000C8AF60 /* Todo_MVVM_2 */ = {
			isa = PBXGroup;
			children = (
				94A060EA2B0F351000C8AF60 /* AppDelegate.swift */,
				94A060EC2B0F351000C8AF60 /* SceneDelegate.swift */,
				94A060FE2B0F374600C8AF60 /* Task.swift */,
				9496CCC62B0F412800CA2B32 /* Extension */,
				94A061002B0F376800C8AF60 /* Create */,
				94A061092B0F37F000C8AF60 /* Detail */,
				94A0610E2B0F387600C8AF60 /* Main */,
				9496CCC92B0F420C00CA2B32 /* Router.swift */,
				94A060F32B0F351100C8AF60 /* Assets.xcassets */,
				94A060F52B0F351100C8AF60 /* LaunchScreen.storyboard */,
				94A060F82B0F351100C8AF60 /* Info.plist */,
			);
			path = Todo_MVVM_2;
			sourceTree = "<group>";
		};
		94A061002B0F376800C8AF60 /* Create */ = {
			isa = PBXGroup;
			children = (
				94A061012B0F377C00C8AF60 /* Create.storyboard */,
				94A061072B0F37E000C8AF60 /* CreateModel.swift */,
				94A061032B0F37A100C8AF60 /* CreateViewController.swift */,
				94A061052B0F37C200C8AF60 /* CreateViewModel.swift */,
			);
			path = Create;
			sourceTree = "<group>";
		};
		94A061092B0F37F000C8AF60 /* Detail */ = {
			isa = PBXGroup;
			children = (
				94A0610C2B0F382900C8AF60 /* Detail.storyboard */,
				945FE81B2B1723EE00F7A60F /* DetailModel.swift */,
				94A0610A2B0F381300C8AF60 /* DetailViewController.swift */,
				945FE81D2B1723FF00F7A60F /* DetailViewModel.swift */,
			);
			path = Detail;
			sourceTree = "<group>";
		};
		94A0610E2B0F387600C8AF60 /* Main */ = {
			isa = PBXGroup;
			children = (
				94A060F02B0F351000C8AF60 /* Main.storyboard */,
				94A0610F2B0F38AE00C8AF60 /* MainModel.swift */,
				94A061112B0F38C100C8AF60 /* MainViewController.swift */,
				94A061132B0F38D700C8AF60 /* MainViewModel.swift */,
			);
			path = Main;
			sourceTree = "<group>";
		};
		DA144126433769FDEC79B392 /* Pods */ = {
			isa = PBXGroup;
			children = (
				53A164A37F6FFF9A244E20FB /* Pods-Todo_MVVM_2.debug.xcconfig */,
				A2B6C58DE6D1F4E25E6D33E5 /* Pods-Todo_MVVM_2.release.xcconfig */,
			);
			path = Pods;
			sourceTree = "<group>";
		};
		FA3C4F1D8294AD06D37C8692 /* Frameworks */ = {
			isa = PBXGroup;
			children = (
				C89C8F5A8345B0BCC1EB6ABE /* Pods_Todo_MVVM_2.framework */,
			);
			name = Frameworks;
			sourceTree = "<group>";
		};
/* End PBXGroup section */

/* Begin PBXNativeTarget section */
		94A060E62B0F351000C8AF60 /* Todo_MVVM_2 */ = {
			isa = PBXNativeTarget;
			buildConfigurationList = 94A060FB2B0F351100C8AF60 /* Build configuration list for PBXNativeTarget "Todo_MVVM_2" */;
			buildPhases = (
				4AB0217E004101F842EA2E6D /* [CP] Check Pods Manifest.lock */,
				94A060E32B0F351000C8AF60 /* Sources */,
				94A060E42B0F351000C8AF60 /* Frameworks */,
				94A060E52B0F351000C8AF60 /* Resources */,
				76C58D8B93EBE2181D7BF52C /* [CP] Embed Pods Frameworks */,
			);
			buildRules = (
			);
			dependencies = (
			);
			name = Todo_MVVM_2;
			productName = Todo_MVVM_2;
			productReference = 94A060E72B0F351000C8AF60 /* Todo_MVVM_2.app */;
			productType = "com.apple.product-type.application";
		};
/* End PBXNativeTarget section */

/* Begin PBXProject section */
		94A060DF2B0F351000C8AF60 /* Project object */ = {
			isa = PBXProject;
			attributes = {
				BuildIndependentTargetsInParallel = 1;
				LastSwiftUpdateCheck = 1420;
				LastUpgradeCheck = 1420;
				TargetAttributes = {
					94A060E62B0F351000C8AF60 = {
						CreatedOnToolsVersion = 14.2;
					};
				};
			};
			buildConfigurationList = 94A060E22B0F351000C8AF60 /* Build configuration list for PBXProject "Todo_MVVM_2" */;
			compatibilityVersion = "Xcode 14.0";
			developmentRegion = en;
			hasScannedForEncodings = 0;
			knownRegions = (
				en,
				Base,
			);
			mainGroup = 94A060DE2B0F351000C8AF60;
			productRefGroup = 94A060E82B0F351000C8AF60 /* Products */;
			projectDirPath = "";
			projectRoot = "";
			targets = (
				94A060E62B0F351000C8AF60 /* Todo_MVVM_2 */,
			);
		};
/* End PBXProject section */

/* Begin PBXResourcesBuildPhase section */
		94A060E52B0F351000C8AF60 /* Resources */ = {
			isa = PBXResourcesBuildPhase;
			buildActionMask = 2147483647;
			files = (
				94A061022B0F377C00C8AF60 /* Create.storyboard in Resources */,
				94A060F72B0F351100C8AF60 /* LaunchScreen.storyboard in Resources */,
				94A060F42B0F351100C8AF60 /* Assets.xcassets in Resources */,
				94A0610D2B0F382900C8AF60 /* Detail.storyboard in Resources */,
				94A060F22B0F351000C8AF60 /* Main.storyboard in Resources */,
			);
			runOnlyForDeploymentPostprocessing = 0;
		};
/* End PBXResourcesBuildPhase section */

/* Begin PBXShellScriptBuildPhase section */
		4AB0217E004101F842EA2E6D /* [CP] Check Pods Manifest.lock */ = {
			isa = PBXShellScriptBuildPhase;
			buildActionMask = 2147483647;
			files = (
			);
			inputFileListPaths = (
			);
			inputPaths = (
				"${PODS_PODFILE_DIR_PATH}/Podfile.lock",
				"${PODS_ROOT}/Manifest.lock",
			);
			name = "[CP] Check Pods Manifest.lock";
			outputFileListPaths = (
			);
			outputPaths = (
				"$(DERIVED_FILE_DIR)/Pods-Todo_MVVM_2-checkManifestLockResult.txt",
			);
			runOnlyForDeploymentPostprocessing = 0;
			shellPath = /bin/sh;
			shellScript = "diff \"${PODS_PODFILE_DIR_PATH}/Podfile.lock\" \"${PODS_ROOT}/Manifest.lock\" > /dev/null\nif [ $? != 0 ] ; then\n    # print error to STDERR\n    echo \"error: The sandbox is not in sync with the Podfile.lock. Run 'pod install' or update your CocoaPods installation.\" >&2\n    exit 1\nfi\n# This output is used by Xcode 'outputs' to avoid re-running this script phase.\necho \"SUCCESS\" > \"${SCRIPT_OUTPUT_FILE_0}\"\n";
			showEnvVarsInLog = 0;
		};
		76C58D8B93EBE2181D7BF52C /* [CP] Embed Pods Frameworks */ = {
			isa = PBXShellScriptBuildPhase;
			buildActionMask = 2147483647;
			files = (
			);
			inputFileListPaths = (
				"${PODS_ROOT}/Target Support Files/Pods-Todo_MVVM_2/Pods-Todo_MVVM_2-frameworks-${CONFIGURATION}-input-files.xcfilelist",
			);
			name = "[CP] Embed Pods Frameworks";
			outputFileListPaths = (
				"${PODS_ROOT}/Target Support Files/Pods-Todo_MVVM_2/Pods-Todo_MVVM_2-frameworks-${CONFIGURATION}-output-files.xcfilelist",
			);
			runOnlyForDeploymentPostprocessing = 0;
			shellPath = /bin/sh;
			shellScript = "\"${PODS_ROOT}/Target Support Files/Pods-Todo_MVVM_2/Pods-Todo_MVVM_2-frameworks.sh\"\n";
			showEnvVarsInLog = 0;
		};
/* End PBXShellScriptBuildPhase section */

/* Begin PBXSourcesBuildPhase section */
		94A060E32B0F351000C8AF60 /* Sources */ = {
			isa = PBXSourcesBuildPhase;
			buildActionMask = 2147483647;
			files = (
				94A061062B0F37C200C8AF60 /* CreateViewModel.swift in Sources */,
				945FE81C2B1723EE00F7A60F /* DetailModel.swift in Sources */,
				94A061042B0F37A100C8AF60 /* CreateViewController.swift in Sources */,
				94A060FF2B0F374600C8AF60 /* Task.swift in Sources */,
				94A061082B0F37E000C8AF60 /* CreateModel.swift in Sources */,
				94A061102B0F38AE00C8AF60 /* MainModel.swift in Sources */,
				94A060EB2B0F351000C8AF60 /* AppDelegate.swift in Sources */,
				94A060ED2B0F351000C8AF60 /* SceneDelegate.swift in Sources */,
				9496CCC82B0F414800CA2B32 /* StoryBoard+.swift in Sources */,
				94A0610B2B0F381300C8AF60 /* DetailViewController.swift in Sources */,
				94A061122B0F38C100C8AF60 /* MainViewController.swift in Sources */,
				945FE81E2B1723FF00F7A60F /* DetailViewModel.swift in Sources */,
				94A061142B0F38D700C8AF60 /* MainViewModel.swift in Sources */,
				9496CCCA2B0F420C00CA2B32 /* Router.swift in Sources */,
			);
			runOnlyForDeploymentPostprocessing = 0;
		};
/* End PBXSourcesBuildPhase section */

/* Begin PBXVariantGroup section */
		94A060F02B0F351000C8AF60 /* Main.storyboard */ = {
			isa = PBXVariantGroup;
			children = (
				94A060F12B0F351000C8AF60 /* Base */,
			);
			name = Main.storyboard;
			sourceTree = "<group>";
		};
		94A060F52B0F351100C8AF60 /* LaunchScreen.storyboard */ = {
			isa = PBXVariantGroup;
			children = (
				94A060F62B0F351100C8AF60 /* Base */,
			);
			name = LaunchScreen.storyboard;
			sourceTree = "<group>";
		};
/* End PBXVariantGroup section */

/* Begin XCBuildConfiguration section */
		94A060F92B0F351100C8AF60 /* Debug */ = {
			isa = XCBuildConfiguration;
			buildSettings = {
				ALWAYS_SEARCH_USER_PATHS = NO;
				CLANG_ANALYZER_NONNULL = YES;
				CLANG_ANALYZER_NUMBER_OBJECT_CONVERSION = YES_AGGRESSIVE;
				CLANG_CXX_LANGUAGE_STANDARD = "gnu++20";
				CLANG_ENABLE_MODULES = YES;
				CLANG_ENABLE_OBJC_ARC = YES;
				CLANG_ENABLE_OBJC_WEAK = YES;
				CLANG_WARN_BLOCK_CAPTURE_AUTORELEASING = YES;
				CLANG_WARN_BOOL_CONVERSION = YES;
				CLANG_WARN_COMMA = YES;
				CLANG_WARN_CONSTANT_CONVERSION = YES;
				CLANG_WARN_DEPRECATED_OBJC_IMPLEMENTATIONS = YES;
				CLANG_WARN_DIRECT_OBJC_ISA_USAGE = YES_ERROR;
				CLANG_WARN_DOCUMENTATION_COMMENTS = YES;
				CLANG_WARN_EMPTY_BODY = YES;
				CLANG_WARN_ENUM_CONVERSION = YES;
				CLANG_WARN_INFINITE_RECURSION = YES;
				CLANG_WARN_INT_CONVERSION = YES;
				CLANG_WARN_NON_LITERAL_NULL_CONVERSION = YES;
				CLANG_WARN_OBJC_IMPLICIT_RETAIN_SELF = YES;
				CLANG_WARN_OBJC_LITERAL_CONVERSION = YES;
				CLANG_WARN_OBJC_ROOT_CLASS = YES_ERROR;
				CLANG_WARN_QUOTED_INCLUDE_IN_FRAMEWORK_HEADER = YES;
				CLANG_WARN_RANGE_LOOP_ANALYSIS = YES;
				CLANG_WARN_STRICT_PROTOTYPES = YES;
				CLANG_WARN_SUSPICIOUS_MOVE = YES;
				CLANG_WARN_UNGUARDED_AVAILABILITY = YES_AGGRESSIVE;
				CLANG_WARN_UNREACHABLE_CODE = YES;
				CLANG_WARN__DUPLICATE_METHOD_MATCH = YES;
				COPY_PHASE_STRIP = NO;
				DEBUG_INFORMATION_FORMAT = dwarf;
				ENABLE_STRICT_OBJC_MSGSEND = YES;
				ENABLE_TESTABILITY = YES;
				GCC_C_LANGUAGE_STANDARD = gnu11;
				GCC_DYNAMIC_NO_PIC = NO;
				GCC_NO_COMMON_BLOCKS = YES;
				GCC_OPTIMIZATION_LEVEL = 0;
				GCC_PREPROCESSOR_DEFINITIONS = (
					"DEBUG=1",
					"$(inherited)",
				);
				GCC_WARN_64_TO_32_BIT_CONVERSION = YES;
				GCC_WARN_ABOUT_RETURN_TYPE = YES_ERROR;
				GCC_WARN_UNDECLARED_SELECTOR = YES;
				GCC_WARN_UNINITIALIZED_AUTOS = YES_AGGRESSIVE;
				GCC_WARN_UNUSED_FUNCTION = YES;
				GCC_WARN_UNUSED_VARIABLE = YES;
				IPHONEOS_DEPLOYMENT_TARGET = 16.2;
				MTL_ENABLE_DEBUG_INFO = INCLUDE_SOURCE;
				MTL_FAST_MATH = YES;
				ONLY_ACTIVE_ARCH = YES;
				SDKROOT = iphoneos;
				SWIFT_ACTIVE_COMPILATION_CONDITIONS = DEBUG;
				SWIFT_OPTIMIZATION_LEVEL = "-Onone";
			};
			name = Debug;
		};
		94A060FA2B0F351100C8AF60 /* Release */ = {
			isa = XCBuildConfiguration;
			buildSettings = {
				ALWAYS_SEARCH_USER_PATHS = NO;
				CLANG_ANALYZER_NONNULL = YES;
				CLANG_ANALYZER_NUMBER_OBJECT_CONVERSION = YES_AGGRESSIVE;
				CLANG_CXX_LANGUAGE_STANDARD = "gnu++20";
				CLANG_ENABLE_MODULES = YES;
				CLANG_ENABLE_OBJC_ARC = YES;
				CLANG_ENABLE_OBJC_WEAK = YES;
				CLANG_WARN_BLOCK_CAPTURE_AUTORELEASING = YES;
				CLANG_WARN_BOOL_CONVERSION = YES;
				CLANG_WARN_COMMA = YES;
				CLANG_WARN_CONSTANT_CONVERSION = YES;
				CLANG_WARN_DEPRECATED_OBJC_IMPLEMENTATIONS = YES;
				CLANG_WARN_DIRECT_OBJC_ISA_USAGE = YES_ERROR;
				CLANG_WARN_DOCUMENTATION_COMMENTS = YES;
				CLANG_WARN_EMPTY_BODY = YES;
				CLANG_WARN_ENUM_CONVERSION = YES;
				CLANG_WARN_INFINITE_RECURSION = YES;
				CLANG_WARN_INT_CONVERSION = YES;
				CLANG_WARN_NON_LITERAL_NULL_CONVERSION = YES;
				CLANG_WARN_OBJC_IMPLICIT_RETAIN_SELF = YES;
				CLANG_WARN_OBJC_LITERAL_CONVERSION = YES;
				CLANG_WARN_OBJC_ROOT_CLASS = YES_ERROR;
				CLANG_WARN_QUOTED_INCLUDE_IN_FRAMEWORK_HEADER = YES;
				CLANG_WARN_RANGE_LOOP_ANALYSIS = YES;
				CLANG_WARN_STRICT_PROTOTYPES = YES;
				CLANG_WARN_SUSPICIOUS_MOVE = YES;
				CLANG_WARN_UNGUARDED_AVAILABILITY = YES_AGGRESSIVE;
				CLANG_WARN_UNREACHABLE_CODE = YES;
				CLANG_WARN__DUPLICATE_METHOD_MATCH = YES;
				COPY_PHASE_STRIP = NO;
				DEBUG_INFORMATION_FORMAT = "dwarf-with-dsym";
				ENABLE_NS_ASSERTIONS = NO;
				ENABLE_STRICT_OBJC_MSGSEND = YES;
				GCC_C_LANGUAGE_STANDARD = gnu11;
				GCC_NO_COMMON_BLOCKS = YES;
				GCC_WARN_64_TO_32_BIT_CONVERSION = YES;
				GCC_WARN_ABOUT_RETURN_TYPE = YES_ERROR;
				GCC_WARN_UNDECLARED_SELECTOR = YES;
				GCC_WARN_UNINITIALIZED_AUTOS = YES_AGGRESSIVE;
				GCC_WARN_UNUSED_FUNCTION = YES;
				GCC_WARN_UNUSED_VARIABLE = YES;
				IPHONEOS_DEPLOYMENT_TARGET = 16.2;
				MTL_ENABLE_DEBUG_INFO = NO;
				MTL_FAST_MATH = YES;
				SDKROOT = iphoneos;
				SWIFT_COMPILATION_MODE = wholemodule;
				SWIFT_OPTIMIZATION_LEVEL = "-O";
				VALIDATE_PRODUCT = YES;
			};
			name = Release;
		};
		94A060FC2B0F351100C8AF60 /* Debug */ = {
			isa = XCBuildConfiguration;
			baseConfigurationReference = 53A164A37F6FFF9A244E20FB /* Pods-Todo_MVVM_2.debug.xcconfig */;
			buildSettings = {
				ASSETCATALOG_COMPILER_APPICON_NAME = AppIcon;
				ASSETCATALOG_COMPILER_GLOBAL_ACCENT_COLOR_NAME = AccentColor;
				CODE_SIGN_STYLE = Automatic;
				CURRENT_PROJECT_VERSION = 1;
				DEVELOPMENT_TEAM = TZ5A5U924L;
				GENERATE_INFOPLIST_FILE = YES;
				INFOPLIST_FILE = Todo_MVVM_2/Info.plist;
				INFOPLIST_KEY_UIApplicationSupportsIndirectInputEvents = YES;
				INFOPLIST_KEY_UILaunchStoryboardName = LaunchScreen;
				INFOPLIST_KEY_UIMainStoryboardFile = Main;
				INFOPLIST_KEY_UISupportedInterfaceOrientations_iPad = "UIInterfaceOrientationPortrait UIInterfaceOrientationPortraitUpsideDown UIInterfaceOrientationLandscapeLeft UIInterfaceOrientationLandscapeRight";
				INFOPLIST_KEY_UISupportedInterfaceOrientations_iPhone = "UIInterfaceOrientationPortrait UIInterfaceOrientationLandscapeLeft UIInterfaceOrientationLandscapeRight";
				LD_RUNPATH_SEARCH_PATHS = (
					"$(inherited)",
					"@executable_path/Frameworks",
				);
				MARKETING_VERSION = 1.0;
				PRODUCT_BUNDLE_IDENTIFIER = "com.Asady.Todo-MVVM-2";
				PRODUCT_NAME = "$(TARGET_NAME)";
				SWIFT_EMIT_LOC_STRINGS = YES;
				SWIFT_VERSION = 5.0;
				TARGETED_DEVICE_FAMILY = "1,2";
			};
			name = Debug;
		};
		94A060FD2B0F351100C8AF60 /* Release */ = {
			isa = XCBuildConfiguration;
			baseConfigurationReference = A2B6C58DE6D1F4E25E6D33E5 /* Pods-Todo_MVVM_2.release.xcconfig */;
			buildSettings = {
				ASSETCATALOG_COMPILER_APPICON_NAME = AppIcon;
				ASSETCATALOG_COMPILER_GLOBAL_ACCENT_COLOR_NAME = AccentColor;
				CODE_SIGN_STYLE = Automatic;
				CURRENT_PROJECT_VERSION = 1;
				DEVELOPMENT_TEAM = TZ5A5U924L;
				GENERATE_INFOPLIST_FILE = YES;
				INFOPLIST_FILE = Todo_MVVM_2/Info.plist;
				INFOPLIST_KEY_UIApplicationSupportsIndirectInputEvents = YES;
				INFOPLIST_KEY_UILaunchStoryboardName = LaunchScreen;
				INFOPLIST_KEY_UIMainStoryboardFile = Main;
				INFOPLIST_KEY_UISupportedInterfaceOrientations_iPad = "UIInterfaceOrientationPortrait UIInterfaceOrientationPortraitUpsideDown UIInterfaceOrientationLandscapeLeft UIInterfaceOrientationLandscapeRight";
				INFOPLIST_KEY_UISupportedInterfaceOrientations_iPhone = "UIInterfaceOrientationPortrait UIInterfaceOrientationLandscapeLeft UIInterfaceOrientationLandscapeRight";
				LD_RUNPATH_SEARCH_PATHS = (
					"$(inherited)",
					"@executable_path/Frameworks",
				);
				MARKETING_VERSION = 1.0;
				PRODUCT_BUNDLE_IDENTIFIER = "com.Asady.Todo-MVVM-2";
				PRODUCT_NAME = "$(TARGET_NAME)";
				SWIFT_EMIT_LOC_STRINGS = YES;
				SWIFT_VERSION = 5.0;
				TARGETED_DEVICE_FAMILY = "1,2";
			};
			name = Release;
		};
/* End XCBuildConfiguration section */

/* Begin XCConfigurationList section */
		94A060E22B0F351000C8AF60 /* Build configuration list for PBXProject "Todo_MVVM_2" */ = {
			isa = XCConfigurationList;
			buildConfigurations = (
				94A060F92B0F351100C8AF60 /* Debug */,
				94A060FA2B0F351100C8AF60 /* Release */,
			);
			defaultConfigurationIsVisible = 0;
			defaultConfigurationName = Release;
		};
		94A060FB2B0F351100C8AF60 /* Build configuration list for PBXNativeTarget "Todo_MVVM_2" */ = {
			isa = XCConfigurationList;
			buildConfigurations = (
				94A060FC2B0F351100C8AF60 /* Debug */,
				94A060FD2B0F351100C8AF60 /* Release */,
			);
			defaultConfigurationIsVisible = 0;
			defaultConfigurationName = Release;
		};
/* End XCConfigurationList section */
	};
	rootObject = 94A060DF2B0F351000C8AF60 /* Project object */;
}
